// !$*UTF8*$!
{
	archiveVersion = 1;
	classes = {
	};
	objectVersion = 46;
	objects = {

/* Begin PBXBuildFile section */
		7EDAF4F718B2AA4A00ACE149 /* Foundation.framework in Frameworks */ = {isa = PBXBuildFile; fileRef = 7EDAF4F618B2AA4A00ACE149 /* Foundation.framework */; };
		7EDAF4F918B2AA4A00ACE149 /* CoreGraphics.framework in Frameworks */ = {isa = PBXBuildFile; fileRef = 7EDAF4F818B2AA4A00ACE149 /* CoreGraphics.framework */; };
		7EDAF4FB18B2AA4A00ACE149 /* UIKit.framework in Frameworks */ = {isa = PBXBuildFile; fileRef = 7EDAF4FA18B2AA4A00ACE149 /* UIKit.framework */; };
		7EDAF50118B2AA4A00ACE149 /* InfoPlist.strings in Resources */ = {isa = PBXBuildFile; fileRef = 7EDAF4FF18B2AA4A00ACE149 /* InfoPlist.strings */; };
		7EDAF50318B2AA4A00ACE149 /* main.m in Sources */ = {isa = PBXBuildFile; fileRef = 7EDAF50218B2AA4A00ACE149 /* main.m */; };
		7EDAF50718B2AA4A00ACE149 /* AppDelegate.m in Sources */ = {isa = PBXBuildFile; fileRef = 7EDAF50618B2AA4A00ACE149 /* AppDelegate.m */; };
		7EDAF50918B2AA4A00ACE149 /* Images.xcassets in Resources */ = {isa = PBXBuildFile; fileRef = 7EDAF50818B2AA4A00ACE149 /* Images.xcassets */; };
		7EDAF51018B2AA4A00ACE149 /* XCTest.framework in Frameworks */ = {isa = PBXBuildFile; fileRef = 7EDAF50F18B2AA4A00ACE149 /* XCTest.framework */; };
		7EDAF51118B2AA4A00ACE149 /* Foundation.framework in Frameworks */ = {isa = PBXBuildFile; fileRef = 7EDAF4F618B2AA4A00ACE149 /* Foundation.framework */; };
		7EDAF51218B2AA4A00ACE149 /* UIKit.framework in Frameworks */ = {isa = PBXBuildFile; fileRef = 7EDAF4FA18B2AA4A00ACE149 /* UIKit.framework */; };
		7EDAF51A18B2AA4A00ACE149 /* InfoPlist.strings in Resources */ = {isa = PBXBuildFile; fileRef = 7EDAF51818B2AA4A00ACE149 /* InfoPlist.strings */; };
		7EDAF51C18B2AA4A00ACE149 /* tipcalculatorTests.m in Sources */ = {isa = PBXBuildFile; fileRef = 7EDAF51B18B2AA4A00ACE149 /* tipcalculatorTests.m */; };
/* End PBXBuildFile section */

/* Begin PBXContainerItemProxy section */
		7EDAF51318B2AA4A00ACE149 /* PBXContainerItemProxy */ = {
			isa = PBXContainerItemProxy;
			containerPortal = 7EDAF4EB18B2AA4A00ACE149 /* Project object */;
			proxyType = 1;
			remoteGlobalIDString = 7EDAF4F218B2AA4A00ACE149;
			remoteInfo = tipcalculator;
		};
/* End PBXContainerItemProxy section */

/* Begin PBXFileReference section */
		7EDAF4F318B2AA4A00ACE149 /* tipcalculator.app */ = {isa = PBXFileReference; explicitFileType = wrapper.application; includeInIndex = 0; path = tipcalculator.app; sourceTree = BUILT_PRODUCTS_DIR; };
		7EDAF4F618B2AA4A00ACE149 /* Foundation.framework */ = {isa = PBXFileReference; lastKnownFileType = wrapper.framework; name = Foundation.framework; path = System/Library/Frameworks/Foundation.framework; sourceTree = SDKROOT; };
		7EDAF4F818B2AA4A00ACE149 /* CoreGraphics.framework */ = {isa = PBXFileReference; lastKnownFileType = wrapper.framework; name = CoreGraphics.framework; path = System/Library/Frameworks/CoreGraphics.framework; sourceTree = SDKROOT; };
		7EDAF4FA18B2AA4A00ACE149 /* UIKit.framework */ = {isa = PBXFileReference; lastKnownFileType = wrapper.framework; name = UIKit.framework; path = System/Library/Frameworks/UIKit.framework; sourceTree = SDKROOT; };
		7EDAF4FE18B2AA4A00ACE149 /* tipcalculator-Info.plist */ = {isa = PBXFileReference; lastKnownFileType = text.plist.xml; path = "tipcalculator-Info.plist"; sourceTree = "<group>"; };
		7EDAF50018B2AA4A00ACE149 /* en */ = {isa = PBXFileReference; lastKnownFileType = text.plist.strings; name = en; path = en.lproj/InfoPlist.strings; sourceTree = "<group>"; };
		7EDAF50218B2AA4A00ACE149 /* main.m */ = {isa = PBXFileReference; lastKnownFileType = sourcecode.c.objc; path = main.m; sourceTree = "<group>"; };
		7EDAF50418B2AA4A00ACE149 /* tipcalculator-Prefix.pch */ = {isa = PBXFileReference; lastKnownFileType = sourcecode.c.h; path = "tipcalculator-Prefix.pch"; sourceTree = "<group>"; };
		7EDAF50518B2AA4A00ACE149 /* AppDelegate.h */ = {isa = PBXFileReference; lastKnownFileType = sourcecode.c.h; path = AppDelegate.h; sourceTree = "<group>"; };
		7EDAF50618B2AA4A00ACE149 /* AppDelegate.m */ = {isa = PBXFileReference; lastKnownFileType = sourcecode.c.objc; path = AppDelegate.m; sourceTree = "<group>"; };
		7EDAF50818B2AA4A00ACE149 /* Images.xcassets */ = {isa = PBXFileReference; lastKnownFileType = folder.assetcatalog; path = Images.xcassets; sourceTree = "<group>"; };
		7EDAF50E18B2AA4A00ACE149 /* tipcalculatorTests.xctest */ = {isa = PBXFileReference; explicitFileType = wrapper.cfbundle; includeInIndex = 0; path = tipcalculatorTests.xctest; sourceTree = BUILT_PRODUCTS_DIR; };
		7EDAF50F18B2AA4A00ACE149 /* XCTest.framework */ = {isa = PBXFileReference; lastKnownFileType = wrapper.framework; name = XCTest.framework; path = Library/Frameworks/XCTest.framework; sourceTree = DEVELOPER_DIR; };
		7EDAF51718B2AA4A00ACE149 /* tipcalculatorTests-Info.plist */ = {isa = PBXFileReference; lastKnownFileType = text.plist.xml; path = "tipcalculatorTests-Info.plist"; sourceTree = "<group>"; };
		7EDAF51918B2AA4A00ACE149 /* en */ = {isa = PBXFileReference; lastKnownFileType = text.plist.strings; name = en; path = en.lproj/InfoPlist.strings; sourceTree = "<group>"; };
		7EDAF51B18B2AA4A00ACE149 /* tipcalculatorTests.m */ = {isa = PBXFileReference; lastKnownFileType = sourcecode.c.objc; path = tipcalculatorTests.m; sourceTree = "<group>"; };
/* End PBXFileReference section */

/* Begin PBXFrameworksBuildPhase section */
		7EDAF4F018B2AA4A00ACE149 /* Frameworks */ = {
			isa = PBXFrameworksBuildPhase;
			buildActionMask = 2147483647;
			files = (
				7EDAF4F918B2AA4A00ACE149 /* CoreGraphics.framework in Frameworks */,
				7EDAF4FB18B2AA4A00ACE149 /* UIKit.framework in Frameworks */,
				7EDAF4F718B2AA4A00ACE149 /* Foundation.framework in Frameworks */,
			);
			runOnlyForDeploymentPostprocessing = 0;
		};
		7EDAF50B18B2AA4A00ACE149 /* Frameworks */ = {
			isa = PBXFrameworksBuildPhase;
			buildActionMask = 2147483647;
			files = (
				7EDAF51018B2AA4A00ACE149 /* XCTest.framework in Frameworks */,
				7EDAF51218B2AA4A00ACE149 /* UIKit.framework in Frameworks */,
				7EDAF51118B2AA4A00ACE149 /* Foundation.framework in Frameworks */,
			);
			runOnlyForDeploymentPostprocessing = 0;
		};
/* End PBXFrameworksBuildPhase section */

/* Begin PBXGroup section */
		7EDAF4EA18B2AA4A00ACE149 = {
			isa = PBXGroup;
			children = (
				7EDAF4FC18B2AA4A00ACE149 /* tipcalculator */,
				7EDAF51518B2AA4A00ACE149 /* tipcalculatorTests */,
				7EDAF4F518B2AA4A00ACE149 /* Frameworks */,
				7EDAF4F418B2AA4A00ACE149 /* Products */,
			);
			sourceTree = "<group>";
		};
		7EDAF4F418B2AA4A00ACE149 /* Products */ = {
			isa = PBXGroup;
			children = (
				7EDAF4F318B2AA4A00ACE149 /* tipcalculator.app */,
				7EDAF50E18B2AA4A00ACE149 /* tipcalculatorTests.xctest */,
			);
			name = Products;
			sourceTree = "<group>";
		};
		7EDAF4F518B2AA4A00ACE149 /* Frameworks */ = {
			isa = PBXGroup;
			children = (
				7EDAF4F618B2AA4A00ACE149 /* Foundation.framework */,
				7EDAF4F818B2AA4A00ACE149 /* CoreGraphics.framework */,
				7EDAF4FA18B2AA4A00ACE149 /* UIKit.framework */,
				7EDAF50F18B2AA4A00ACE149 /* XCTest.framework */,
			);
			name = Frameworks;
			sourceTree = "<group>";
		};
		7EDAF4FC18B2AA4A00ACE149 /* tipcalculator */ = {
			isa = PBXGroup;
			children = (
				7EDAF50518B2AA4A00ACE149 /* AppDelegate.h */,
				7EDAF50618B2AA4A00ACE149 /* AppDelegate.m */,
				7EDAF50818B2AA4A00ACE149 /* Images.xcassets */,
				7EDAF4FD18B2AA4A00ACE149 /* Supporting Files */,
			);
			path = tipcalculator;
			sourceTree = "<group>";
		};
		7EDAF4FD18B2AA4A00ACE149 /* Supporting Files */ = {
			isa = PBXGroup;
			children = (
				7EDAF4FE18B2AA4A00ACE149 /* tipcalculator-Info.plist */,
				7EDAF4FF18B2AA4A00ACE149 /* InfoPlist.strings */,
				7EDAF50218B2AA4A00ACE149 /* main.m */,
				7EDAF50418B2AA4A00ACE149 /* tipcalculator-Prefix.pch */,
			);
			name = "Supporting Files";
			sourceTree = "<group>";
		};
		7EDAF51518B2AA4A00ACE149 /* tipcalculatorTests */ = {
			isa = PBXGroup;
			children = (
				7EDAF51B18B2AA4A00ACE149 /* tipcalculatorTests.m */,
				7EDAF51618B2AA4A00ACE149 /* Supporting Files */,
			);
			path = tipcalculatorTests;
			sourceTree = "<group>";
		};
		7EDAF51618B2AA4A00ACE149 /* Supporting Files */ = {
			isa = PBXGroup;
			children = (
				7EDAF51718B2AA4A00ACE149 /* tipcalculatorTests-Info.plist */,
				7EDAF51818B2AA4A00ACE149 /* InfoPlist.strings */,
			);
			name = "Supporting Files";
			sourceTree = "<group>";
		};
/* End PBXGroup section */

/* Begin PBXNativeTarget section */
		7EDAF4F218B2AA4A00ACE149 /* tipcalculator */ = {
			isa = PBXNativeTarget;
			buildConfigurationList = 7EDAF51F18B2AA4A00ACE149 /* Build configuration list for PBXNativeTarget "tipcalculator" */;
			buildPhases = (
				7EDAF4EF18B2AA4A00ACE149 /* Sources */,
				7EDAF4F018B2AA4A00ACE149 /* Frameworks */,
				7EDAF4F118B2AA4A00ACE149 /* Resources */,
			);
			buildRules = (
			);
			dependencies = (
			);
			name = tipcalculator;
			productName = tipcalculator;
			productReference = 7EDAF4F318B2AA4A00ACE149 /* tipcalculator.app */;
			productType = "com.apple.product-type.application";
		};
		7EDAF50D18B2AA4A00ACE149 /* tipcalculatorTests */ = {
			isa = PBXNativeTarget;
			buildConfigurationList = 7EDAF52218B2AA4A00ACE149 /* Build configuration list for PBXNativeTarget "tipcalculatorTests" */;
			buildPhases = (
				7EDAF50A18B2AA4A00ACE149 /* Sources */,
				7EDAF50B18B2AA4A00ACE149 /* Frameworks */,
				7EDAF50C18B2AA4A00ACE149 /* Resources */,
			);
			buildRules = (
			);
			dependencies = (
				7EDAF51418B2AA4A00ACE149 /* PBXTargetDependency */,
			);
			name = tipcalculatorTests;
			productName = tipcalculatorTests;
			productReference = 7EDAF50E18B2AA4A00ACE149 /* tipcalculatorTests.xctest */;
			productType = "com.apple.product-type.bundle.unit-test";
		};
/* End PBXNativeTarget section */

/* Begin PBXProject section */
		7EDAF4EB18B2AA4A00ACE149 /* Project object */ = {
			isa = PBXProject;
			attributes = {
				LastUpgradeCheck = 0500;
				ORGANIZATIONNAME = "Nathan Speller";
				TargetAttributes = {
					7EDAF50D18B2AA4A00ACE149 = {
						TestTargetID = 7EDAF4F218B2AA4A00ACE149;
					};
				};
			};
			buildConfigurationList = 7EDAF4EE18B2AA4A00ACE149 /* Build configuration list for PBXProject "tipcalculator" */;
			compatibilityVersion = "Xcode 3.2";
			developmentRegion = English;
			hasScannedForEncodings = 0;
			knownRegions = (
				en,
			);
			mainGroup = 7EDAF4EA18B2AA4A00ACE149;
			productRefGroup = 7EDAF4F418B2AA4A00ACE149 /* Products */;
			projectDirPath = "";
			projectRoot = "";
			targets = (
				7EDAF4F218B2AA4A00ACE149 /* tipcalculator */,
				7EDAF50D18B2AA4A00ACE149 /* tipcalculatorTests */,
			);
		};
/* End PBXProject section */

/* Begin PBXResourcesBuildPhase section */
		7EDAF4F118B2AA4A00ACE149 /* Resources */ = {
			isa = PBXResourcesBuildPhase;
			buildActionMask = 2147483647;
			files = (
				7EDAF50118B2AA4A00ACE149 /* InfoPlist.strings in Resources */,
				7EDAF50918B2AA4A00ACE149 /* Images.xcassets in Resources */,
			);
			runOnlyForDeploymentPostprocessing = 0;
		};
		7EDAF50C18B2AA4A00ACE149 /* Resources */ = {
			isa = PBXResourcesBuildPhase;
			buildActionMask = 2147483647;
			files = (
				7EDAF51A18B2AA4A00ACE149 /* InfoPlist.strings in Resources */,
			);
			runOnlyForDeploymentPostprocessing = 0;
		};
/* End PBXResourcesBuildPhase section */

/* Begin PBXSourcesBuildPhase section */
		7EDAF4EF18B2AA4A00ACE149 /* Sources */ = {
			isa = PBXSourcesBuildPhase;
			buildActionMask = 2147483647;
			files = (
				7EDAF50718B2AA4A00ACE149 /* AppDelegate.m in Sources */,
				7EDAF50318B2AA4A00ACE149 /* main.m in Sources */,
			);
			runOnlyForDeploymentPostprocessing = 0;
		};
		7EDAF50A18B2AA4A00ACE149 /* Sources */ = {
			isa = PBXSourcesBuildPhase;
			buildActionMask = 2147483647;
			files = (
				7EDAF51C18B2AA4A00ACE149 /* tipcalculatorTests.m in Sources */,
			);
			runOnlyForDeploymentPostprocessing = 0;
		};
/* End PBXSourcesBuildPhase section */

/* Begin PBXTargetDependency section */
		7EDAF51418B2AA4A00ACE149 /* PBXTargetDependency */ = {
			isa = PBXTargetDependency;
			target = 7EDAF4F218B2AA4A00ACE149 /* tipcalculator */;
			targetProxy = 7EDAF51318B2AA4A00ACE149 /* PBXContainerItemProxy */;
		};
/* End PBXTargetDependency section */

/* Begin PBXVariantGroup section */
		7EDAF4FF18B2AA4A00ACE149 /* InfoPlist.strings */ = {
			isa = PBXVariantGroup;
			children = (
				7EDAF50018B2AA4A00ACE149 /* en */,
			);
			name = InfoPlist.strings;
			sourceTree = "<group>";
		};
		7EDAF51818B2AA4A00ACE149 /* InfoPlist.strings */ = {
			isa = PBXVariantGroup;
			children = (
				7EDAF51918B2AA4A00ACE149 /* en */,
			);
			name = InfoPlist.strings;
			sourceTree = "<group>";
		};
/* End PBXVariantGroup section */

/* Begin XCBuildConfiguration section */
		7EDAF51D18B2AA4A00ACE149 /* Debug */ = {
			isa = XCBuildConfiguration;
			buildSettings = {
				ALWAYS_SEARCH_USER_PATHS = NO;
				ARCHS = "$(ARCHS_STANDARD_INCLUDING_64_BIT)";
				CLANG_CXX_LANGUAGE_STANDARD = "gnu++0x";
				CLANG_CXX_LIBRARY = "libc++";
				CLANG_ENABLE_MODULES = YES;
				CLANG_ENABLE_OBJC_ARC = YES;
				CLANG_WARN_BOOL_CONVERSION = YES;
				CLANG_WARN_CONSTANT_CONVERSION = YES;
				CLANG_WARN_DIRECT_OBJC_ISA_USAGE = YES_ERROR;
				CLANG_WARN_EMPTY_BODY = YES;
				CLANG_WARN_ENUM_CONVERSION = YES;
				CLANG_WARN_INT_CONVERSION = YES;
				CLANG_WARN_OBJC_ROOT_CLASS = YES_ERROR;
				CLANG_WARN__DUPLICATE_METHOD_MATCH = YES;
				"CODE_SIGN_IDENTITY[sdk=iphoneos*]" = "iPhone Developer";
				COPY_PHASE_STRIP = NO;
				GCC_C_LANGUAGE_STANDARD = gnu99;
				GCC_DYNAMIC_NO_PIC = NO;
				GCC_OPTIMIZATION_LEVEL = 0;
				GCC_PREPROCESSOR_DEFINITIONS = (
					"DEBUG=1",
					"$(inherited)",
				);
				GCC_SYMBOLS_PRIVATE_EXTERN = NO;
				GCC_WARN_64_TO_32_BIT_CONVERSION = YES;
				GCC_WARN_ABOUT_RETURN_TYPE = YES_ERROR;
				GCC_WARN_UNDECLARED_SELECTOR = YES;
				GCC_WARN_UNINITIALIZED_AUTOS = YES;
				GCC_WARN_UNUSED_FUNCTION = YES;
				GCC_WARN_UNUSED_VARIABLE = YES;
				IPHONEOS_DEPLOYMENT_TARGET = 7.0;
				ONLY_ACTIVE_ARCH = YES;
				SDKROOT = iphoneos;
			};
			name = Debug;
		};
		7EDAF51E18B2AA4A00ACE149 /* Release */ = {
			isa = XCBuildConfiguration;
			buildSettings = {
				ALWAYS_SEARCH_USER_PATHS = NO;
				ARCHS = "$(ARCHS_STANDARD_INCLUDING_64_BIT)";
				CLANG_CXX_LANGUAGE_STANDARD = "gnu++0x";
				CLANG_CXX_LIBRARY = "libc++";
				CLANG_ENABLE_MODULES = YES;
				CLANG_ENABLE_OBJC_ARC = YES;
				CLANG_WARN_BOOL_CONVERSION = YES;
				CLANG_WARN_CONSTANT_CONVERSION = YES;
				CLANG_WARN_DIRECT_OBJC_ISA_USAGE = YES_ERROR;
				CLANG_WARN_EMPTY_BODY = YES;
				CLANG_WARN_ENUM_CONVERSION = YES;
				CLANG_WARN_INT_CONVERSION = YES;
				CLANG_WARN_OBJC_ROOT_CLASS = YES_ERROR;
				CLANG_WARN__DUPLICATE_METHOD_MATCH = YES;
				"CODE_SIGN_IDENTITY[sdk=iphoneos*]" = "iPhone Developer";
				COPY_PHASE_STRIP = YES;
				ENABLE_NS_ASSERTIONS = NO;
				GCC_C_LANGUAGE_STANDARD = gnu99;
				GCC_WARN_64_TO_32_BIT_CONVERSION = YES;
				GCC_WARN_ABOUT_RETURN_TYPE = YES_ERROR;
				GCC_WARN_UNDECLARED_SELECTOR = YES;
				GCC_WARN_UNINITIALIZED_AUTOS = YES;
				GCC_WARN_UNUSED_FUNCTION = YES;
				GCC_WARN_UNUSED_VARIABLE = YES;
				IPHONEOS_DEPLOYMENT_TARGET = 7.0;
				SDKROOT = iphoneos;
				VALIDATE_PRODUCT = YES;
			};
			name = Release;
		};
		7EDAF52018B2AA4A00ACE149 /* Debug */ = {
			isa = XCBuildConfiguration;
			buildSettings = {
				ASSETCATALOG_COMPILER_APPICON_NAME = AppIcon;
				ASSETCATALOG_COMPILER_LAUNCHIMAGE_NAME = LaunchImage;
				GCC_PRECOMPILE_PREFIX_HEADER = YES;
				GCC_PREFIX_HEADER = "tipcalculator/tipcalculator-Prefix.pch";
				INFOPLIST_FILE = "tipcalculator/tipcalculator-Info.plist";
				PRODUCT_NAME = "$(TARGET_NAME)";
				WRAPPER_EXTENSION = app;
			};
			name = Debug;
		};
		7EDAF52118B2AA4A00ACE149 /* Release */ = {
			isa = XCBuildConfiguration;
			buildSettings = {
				ASSETCATALOG_COMPILER_APPICON_NAME = AppIcon;
				ASSETCATALOG_COMPILER_LAUNCHIMAGE_NAME = LaunchImage;
				GCC_PRECOMPILE_PREFIX_HEADER = YES;
				GCC_PREFIX_HEADER = "tipcalculator/tipcalculator-Prefix.pch";
				INFOPLIST_FILE = "tipcalculator/tipcalculator-Info.plist";
				PRODUCT_NAME = "$(TARGET_NAME)";
				WRAPPER_EXTENSION = app;
			};
			name = Release;
		};
		7EDAF52318B2AA4A00ACE149 /* Debug */ = {
			isa = XCBuildConfiguration;
			buildSettings = {
				ARCHS = "$(ARCHS_STANDARD_INCLUDING_64_BIT)";
				BUNDLE_LOADER = "$(BUILT_PRODUCTS_DIR)/tipcalculator.app/tipcalculator";
				FRAMEWORK_SEARCH_PATHS = (
					"$(SDKROOT)/Developer/Library/Frameworks",
					"$(inherited)",
					"$(DEVELOPER_FRAMEWORKS_DIR)",
				);
				GCC_PRECOMPILE_PREFIX_HEADER = YES;
				GCC_PREFIX_HEADER = "tipcalculator/tipcalculator-Prefix.pch";
				GCC_PREPROCESSOR_DEFINITIONS = (
					"DEBUG=1",
					"$(inherited)",
				);
				INFOPLIST_FILE = "tipcalculatorTests/tipcalculatorTests-Info.plist";
				PRODUCT_NAME = "$(TARGET_NAME)";
				TEST_HOST = "$(BUNDLE_LOADER)";
				WRAPPER_EXTENSION = xctest;
			};
			name = Debug;
		};
		7EDAF52418B2AA4A00ACE149 /* Release */ = {
			isa = XCBuildConfiguration;
			buildSettings = {
				ARCHS = "$(ARCHS_STANDARD_INCLUDING_64_BIT)";
				BUNDLE_LOADER = "$(BUILT_PRODUCTS_DIR)/tipcalculator.app/tipcalculator";
				FRAMEWORK_SEARCH_PATHS = (
					"$(SDKROOT)/Developer/Library/Frameworks",
					"$(inherited)",
					"$(DEVELOPER_FRAMEWORKS_DIR)",
				);
				GCC_PRECOMPILE_PREFIX_HEADER = YES;
				GCC_PREFIX_HEADER = "tipcalculator/tipcalculator-Prefix.pch";
				INFOPLIST_FILE = "tipcalculatorTests/tipcalculatorTests-Info.plist";
				PRODUCT_NAME = "$(TARGET_NAME)";
				TEST_HOST = "$(BUNDLE_LOADER)";
				WRAPPER_EXTENSION = xctest;
			};
			name = Release;
		};
/* End XCBuildConfiguration section */

/* Begin XCConfigurationList section */
		7EDAF4EE18B2AA4A00ACE149 /* Build configuration list for PBXProject "tipcalculator" */ = {
			isa = XCConfigurationList;
			buildConfigurations = (
				7EDAF51D18B2AA4A00ACE149 /* Debug */,
				7EDAF51E18B2AA4A00ACE149 /* Release */,
			);
			defaultConfigurationIsVisible = 0;
			defaultConfigurationName = Release;
		};
		7EDAF51F18B2AA4A00ACE149 /* Build configuration list for PBXNativeTarget "tipcalculator" */ = {
			isa = XCConfigurationList;
			buildConfigurations = (
				7EDAF52018B2AA4A00ACE149 /* Debug */,
				7EDAF52118B2AA4A00ACE149 /* Release */,
			);
			defaultConfigurationIsVisible = 0;
		};
		7EDAF52218B2AA4A00ACE149 /* Build configuration list for PBXNativeTarget "tipcalculatorTests" */ = {
			isa = XCConfigurationList;
			buildConfigurations = (
				7EDAF52318B2AA4A00ACE149 /* Debug */,
				7EDAF52418B2AA4A00ACE149 /* Release */,
			);
			defaultConfigurationIsVisible = 0;
		};
/* End XCConfigurationList section */
	};
	rootObject = 7EDAF4EB18B2AA4A00ACE149 /* Project object */;
}
